Microsoft Visual Studio Solution File, Format Version 12.00
# Visual Studio 2012
Project("{FAE04EC0-301F-11D3-BF4B-00C04F79EFBC}") = "LD-51-Every-Ten-Seconds", "LD-51-Every-Ten-Seconds.csproj", "{8E86C0FE-E614-47FA-ABE3-C0C337440ED0}"
EndProject
Global
	GlobalSection(SolutionConfigurationPlatforms) = preSolution
	Debug|Any CPU = Debug|Any CPU
	ExportDebug|Any CPU = ExportDebug|Any CPU
	ExportRelease|Any CPU = ExportRelease|Any CPU
	EndGlobalSection
	GlobalSection(ProjectConfigurationPlatforms) = postSolution
		{8E86C0FE-E614-47FA-ABE3-C0C337440ED0}.Debug|Any CPU.ActiveCfg = Debug|Any CPU
		{8E86C0FE-E614-47FA-ABE3-C0C337440ED0}.Debug|Any CPU.Build.0 = Debug|Any CPU
		{8E86C0FE-E614-47FA-ABE3-C0C337440ED0}.ExportDebug|Any CPU.ActiveCfg = ExportDebug|Any CPU
		{8E86C0FE-E614-47FA-ABE3-C0C337440ED0}.ExportDebug|Any CPU.Build.0 = ExportDebug|Any CPU
		{8E86C0FE-E614-47FA-ABE3-C0C337440ED0}.ExportRelease|Any CPU.ActiveCfg = ExportRelease|Any CPU
		{8E86C0FE-E614-47FA-ABE3-C0C337440ED0}.ExportRelease|Any CPU.Build.0 = ExportRelease|Any CPU
	EndGlobalSection
EndGlobal
